
Microsoft Visual Studio Solution File, Format Version 12.00
# Visual Studio Version 17
VisualStudioVersion = 17.10.35122.118
MinimumVisualStudioVersion = 10.0.40219.1
Project("{9A19103F-16F7-4668-BE54-9A1E7A4F7556}") = "RecettesLek", "RecettesLek\RecettesLek.csproj", "{F97666BA-37E4-4B83-BCE4-8649A7F3E341}"
EndProject
Project("{54A90642-561A-4BB1-A94E-469ADEE60C69}") = "RecettesLekFront", "RecettesLekFront\RecettesLekFront.esproj", "{E6F4163D-F938-403A-BA34-8C55AAE79423}"
EndProject
Global
	GlobalSection(SolutionConfigurationPlatforms) = preSolution
		Debug|Any CPU = Debug|Any CPU
		Release|Any CPU = Release|Any CPU
	EndGlobalSection
	GlobalSection(ProjectConfigurationPlatforms) = postSolution
		{F97666BA-37E4-4B83-BCE4-8649A7F3E341}.Debug|Any CPU.ActiveCfg = Debug|Any CPU
		{F97666BA-37E4-4B83-BCE4-8649A7F3E341}.Debug|Any CPU.Build.0 = Debug|Any CPU
		{F97666BA-37E4-4B83-BCE4-8649A7F3E341}.Release|Any CPU.ActiveCfg = Release|Any CPU
		{F97666BA-37E4-4B83-BCE4-8649A7F3E341}.Release|Any CPU.Build.0 = Release|Any CPU
		{E6F4163D-F938-403A-BA34-8C55AAE79423}.Debug|Any CPU.ActiveCfg = Debug|Any CPU
		{E6F4163D-F938-403A-BA34-8C55AAE79423}.Debug|Any CPU.Build.0 = Debug|Any CPU
		{E6F4163D-F938-403A-BA34-8C55AAE79423}.Debug|Any CPU.Deploy.0 = Debug|Any CPU
		{E6F4163D-F938-403A-BA34-8C55AAE79423}.Release|Any CPU.ActiveCfg = Release|Any CPU
		{E6F4163D-F938-403A-BA34-8C55AAE79423}.Release|Any CPU.Build.0 = Release|Any CPU
		{E6F4163D-F938-403A-BA34-8C55AAE79423}.Release|Any CPU.Deploy.0 = Release|Any CPU
	EndGlobalSection
	GlobalSection(SolutionProperties) = preSolution
		HideSolutionNode = FALSE
	EndGlobalSection
	GlobalSection(ExtensibilityGlobals) = postSolution
		SolutionGuid = {BB2B1B42-B38E-44F1-B493-7070EC1E8756}
	EndGlobalSection
EndGlobal
